
Microsoft Visual Studio Solution File, Format Version 12.00
# Visual Studio Version 17
VisualStudioVersion = 17.4.33205.214
MinimumVisualStudioVersion = 10.0.40219.1
Project("{9A19103F-16F7-4668-BE54-9A1E7A4F7556}") = "HotelManageSystem", "HotelManageSystem.csproj", "{E061FB1E-5FBA-4DF9-BAB5-C318905F22A1}"
EndProject
Project("{54435603-DBB4-11D2-8724-00A0C9A8B90C}") = "HotelSystem", "..\HotelSystem\HotelSystem.vdproj", "{5E4C96DB-E876-4E6A-BAA3-2AA9BCB598C9}"
EndProject
Global
	GlobalSection(SolutionConfigurationPlatforms) = preSolution
		Debug|Any CPU = Debug|Any CPU
		Release|Any CPU = Release|Any CPU
	EndGlobalSection
	GlobalSection(ProjectConfigurationPlatforms) = postSolution
		{E061FB1E-5FBA-4DF9-BAB5-C318905F22A1}.Debug|Any CPU.ActiveCfg = Debug|Any CPU
		{E061FB1E-5FBA-4DF9-BAB5-C318905F22A1}.Debug|Any CPU.Build.0 = Debug|Any CPU
		{E061FB1E-5FBA-4DF9-BAB5-C318905F22A1}.Release|Any CPU.ActiveCfg = Release|Any CPU
		{E061FB1E-5FBA-4DF9-BAB5-C318905F22A1}.Release|Any CPU.Build.0 = Release|Any CPU
		{5E4C96DB-E876-4E6A-BAA3-2AA9BCB598C9}.Debug|Any CPU.ActiveCfg = Debug
		{5E4C96DB-E876-4E6A-BAA3-2AA9BCB598C9}.Release|Any CPU.ActiveCfg = Release
	EndGlobalSection
	GlobalSection(SolutionProperties) = preSolution
		HideSolutionNode = FALSE
	EndGlobalSection
	GlobalSection(ExtensibilityGlobals) = postSolution
		SolutionGuid = {969E1D09-0A5C-4737-825D-ABF56A19B076}
	EndGlobalSection
EndGlobal
